
Microsoft Visual Studio Solution File, Format Version 12.00
# Visual Studio Version 17
VisualStudioVersion = 17.0.31912.275
MinimumVisualStudioVersion = 10.0.40219.1
Project("{FAE04EC0-301F-11D3-BF4B-00C04F79EFBC}") = "SwitchCase", "switch case\SwitchCase.csproj", "{0824AC68-88F5-4C6E-BFFA-1B058DD888ED}"
EndProject
Global
	GlobalSection(SolutionConfigurationPlatforms) = preSolution
		Debug|Any CPU = Debug|Any CPU
		Release|Any CPU = Release|Any CPU
	EndGlobalSection
	GlobalSection(ProjectConfigurationPlatforms) = postSolution
		{0824AC68-88F5-4C6E-BFFA-1B058DD888ED}.Debug|Any CPU.ActiveCfg = Debug|Any CPU
		{0824AC68-88F5-4C6E-BFFA-1B058DD888ED}.Debug|Any CPU.Build.0 = Debug|Any CPU
		{0824AC68-88F5-4C6E-BFFA-1B058DD888ED}.Release|Any CPU.ActiveCfg = Release|Any CPU
		{0824AC68-88F5-4C6E-BFFA-1B058DD888ED}.Release|Any CPU.Build.0 = Release|Any CPU
	EndGlobalSection
	GlobalSection(SolutionProperties) = preSolution
		HideSolutionNode = FALSE
	EndGlobalSection
	GlobalSection(ExtensibilityGlobals) = postSolution
		SolutionGuid = {84AF2A28-1A0C-4716-ACAA-02FA43514386}
	EndGlobalSection
EndGlobal
